
Microsoft Visual Studio Solution File, Format Version 12.00
# Visual Studio 15
VisualStudioVersion = 15.0.28307.168
MinimumVisualStudioVersion = 10.0.40219.1
Project("{159641D6-6404-4A2A-AE62-294DE0FE8301}") = "LoadProductInstallStaging", "Integration Services Project1\LoadProductInstallStaging.dtproj", "{4FA3810C-E2EB-4364-B936-9B0B393C8DF1}"
EndProject
Global
	GlobalSection(SolutionConfigurationPlatforms) = preSolution
		Development|Default = Development|Default
	EndGlobalSection
	GlobalSection(ProjectConfigurationPlatforms) = postSolution
		{4FA3810C-E2EB-4364-B936-9B0B393C8DF1}.Development|Default.ActiveCfg = Development
		{4FA3810C-E2EB-4364-B936-9B0B393C8DF1}.Development|Default.Build.0 = Development
	EndGlobalSection
	GlobalSection(SolutionProperties) = preSolution
		HideSolutionNode = FALSE
	EndGlobalSection
	GlobalSection(ExtensibilityGlobals) = postSolution
		SolutionGuid = {DBD1F711-A932-4990-8A6A-50E754AFE493}
	EndGlobalSection
EndGlobal
